Microsoft Visual Studio Solution File, Format Version 12.00
# Visual Studio Version 17
VisualStudioVersion = 17.14.36930.0 d17.14
MinimumVisualStudioVersion = 10.0.40219.1
Project("{9A19103F-16F7-4668-BE54-9A1E7A4F7556F}") = "InternetKafev2", "InternetKafe\InternetKafev2.csproj", "{C19F8CC1-6609-4F4C-BD3C-9C51DFB0FF5D}"
EndProject
Global
	GlobalSection(SolutionConfigurationPlatforms) = preSolution
		Debug|Any CPU = Debug|Any CPU
		Release|Any CPU = Release|Any CPU
	EndGlobalSection
	GlobalSection(ProjectConfigurationPlatforms) = postSolution
		{C19F8CC1-6609-4F4C-BD3C-9C51DFB0FF5D}.Debug|Any CPU.ActiveCfg = Debug|Any CPU
		{C19F8CC1-6609-4F4C-BD3C-9C51DFB0FF5D}.Debug|Any CPU.Build.0 = Debug|Any CPU
		{C19F8CC1-6609-4F4C-BD3C-9C51DFB0FF5D}.Release|Any CPU.ActiveCfg = Release|Any CPU
		{C19F8CC1-6609-4F4C-BD3C-9C51DFB0FF5D}.Release|Any CPU.Build.0 = Release|Any CPU
	EndGlobalSection
	GlobalSection(SolutionProperties) = preSolution
		HideSolutionNode = FALSE
	EndGlobalSection
	GlobalSection(ExtensibilityGlobals) = postSolution
		SolutionGuid = {F7742AB4-5003-40A0-87CD-76865FA9C9A9}
	EndGlobalSection
EndGlobal
